<?xml version="1.0" encoding="utf-8"?>
<Project ToolsVersion="4.0" xmlns="http://schemas.microsoft.com/developer/msbuild/2003">
  <ItemGroup>
    <Filter Include="Source Files">
      <UniqueIdentifier>{4FC737F1-C7A5-4376-A066-2A32D752A2FF}</UniqueIdentifier>
      <Extensions>cpp;c;cc;cxx;def;odl;idl;hpj;bat;asm;asmx</Extensions>
    </Filter>
    <Filter Include="Header Files">
      <UniqueIdentifier>{93995380-89BD-4b04-88EB-625FBE52EBFB}</UniqueIdentifier>
      <Extensions>h;hh;hpp;hxx;hm;inl;inc;xsd</Extensions>
    </Filter>
    <Filter Include="Resource Files">
      <UniqueIdentifier>{67DA6AB6-F800-4c08-8B7A-83BB121AAD01}</UniqueIdentifier>
      <Extensions>rc;ico;cur;bmp;dlg;rc2;rct;bin;rgs;gif;jpg;jpeg;jpe;resx;tiff;tif;png;wav;mfcribbon-ms</Extensions>
    </Filter>
    <Filter Include="Source Files\extApi">
      <UniqueIdentifier>{1f3430ec-a292-41b3-9de7-bd39b01794f8}</UniqueIdentifier>
    </Filter>
  </ItemGroup>
  <ItemGroup>
    <Text Include="ReadMe.txt" />
    <Text Include="Conf.txt">
      <Filter>Resource Files</Filter>
    </Text>
  </ItemGroup>
  <ItemGroup>
    <ClInclude Include="stdafx.h">
      <Filter>Header Files</Filter>
    </ClInclude>
    <ClInclude Include="targetver.h">
      <Filter>Header Files</Filter>
    </ClInclude>
    <ClInclude Include="App.h">
      <Filter>Header Files</Filter>
    </ClInclude>
    <ClInclude Include="Robot.h">
      <Filter>Header Files</Filter>
    </ClInclude>
    <ClInclude Include="Vrep.h">
      <Filter>Header Files</Filter>
    </ClInclude>
    <ClInclude Include="AlgoGen.h">
      <Filter>Header Files</Filter>
    </ClInclude>
    <ClInclude Include="FileManager.h">
      <Filter>Header Files</Filter>
    </ClInclude>
    <ClInclude Include="logConf.h">
      <Filter>Header Files</Filter>
    </ClInclude>
    <ClInclude Include="ToolBox.h">
      <Filter>Header Files</Filter>
    </ClInclude>
    <ClInclude Include="RobotAction.h">
      <Filter>Header Files</Filter>
    </ClInclude>
  </ItemGroup>
  <ItemGroup>
    <ClCompile Include="stdafx.cpp">
      <Filter>Source Files</Filter>
    </ClCompile>
    <ClCompile Include="2Whells1Arm.cpp">
      <Filter>Source Files</Filter>
    </ClCompile>
    <ClCompile Include="App.cpp">
      <Filter>Source Files</Filter>
    </ClCompile>
    <ClCompile Include="Robot.cpp">
      <Filter>Source Files</Filter>
    </ClCompile>
    <ClCompile Include="Vrep.cpp">
      <Filter>Source Files</Filter>
    </ClCompile>
    <ClCompile Include="AlgoGen.cpp">
      <Filter>Source Files</Filter>
    </ClCompile>
    <ClCompile Include="FileManager.cpp">
      <Filter>Source Files</Filter>
    </ClCompile>
    <ClCompile Include="logConf.cpp">
      <Filter>Source Files</Filter>
    </ClCompile>
    <ClCompile Include="..\remoteApi\extApi.c">
      <Filter>Source Files\extApi</Filter>
    </ClCompile>
    <ClCompile Include="..\remoteApi\extApiPlatform.c">
      <Filter>Source Files\extApi</Filter>
    </ClCompile>
    <ClCompile Include="RobotAction.cpp">
      <Filter>Source Files</Filter>
    </ClCompile>
  </ItemGroup>
</Project>